{
  "version": 2,
  "packages": {
    "webui": {
      "version": "2.4.0.0",
      "vcsRevision": "552a3e3fde6e3930bd8178affb42c4a5a0cec813",
      "url": "https://github.com/webui-dev/nim-webui",
      "downloadMethod": "git",
      "dependencies": [],
      "checksums": {
        "sha1": "32e5ab0cced4ecb168ba1e36b6655c0dd7beae50"
      }
    }
  },
  "tasks": {}
}
